
Microsoft Visual Studio Solution File, Format Version 12.00
# Visual Studio Version 17
VisualStudioVersion = 17.5.33424.131
MinimumVisualStudioVersion = 10.0.40219.1
Project("{9A19103F-16F7-4668-BE54-9A1E7A4F7556}") = "TreeListInplaceEF.Module", "TreeListInplaceEF.Module\TreeListInplaceEF.Module.csproj", "{377DB56A-6131-4675-BA94-8AFE9CE6C3F7}"
EndProject
Project("{9A19103F-16F7-4668-BE54-9A1E7A4F7556}") = "TreeListInplaceEF.Win", "TreeListInplaceEF.Win\TreeListInplaceEF.Win.csproj", "{42D9C32A-E6D1-498F-9A78-1E18D0FA2C65}"
EndProject
Global
	GlobalSection(SolutionConfigurationPlatforms) = preSolution
		Debug|Any CPU = Debug|Any CPU
		EasyTest|Any CPU = EasyTest|Any CPU
		Release|Any CPU = Release|Any CPU
	EndGlobalSection
	GlobalSection(ProjectConfigurationPlatforms) = postSolution
		{377DB56A-6131-4675-BA94-8AFE9CE6C3F7}.Debug|Any CPU.ActiveCfg = Debug|Any CPU
		{377DB56A-6131-4675-BA94-8AFE9CE6C3F7}.Debug|Any CPU.Build.0 = Debug|Any CPU
		{377DB56A-6131-4675-BA94-8AFE9CE6C3F7}.EasyTest|Any CPU.ActiveCfg = EasyTest|Any CPU
		{377DB56A-6131-4675-BA94-8AFE9CE6C3F7}.EasyTest|Any CPU.Build.0 = EasyTest|Any CPU
		{377DB56A-6131-4675-BA94-8AFE9CE6C3F7}.Release|Any CPU.ActiveCfg = Release|Any CPU
		{377DB56A-6131-4675-BA94-8AFE9CE6C3F7}.Release|Any CPU.Build.0 = Release|Any CPU
		{42D9C32A-E6D1-498F-9A78-1E18D0FA2C65}.Debug|Any CPU.ActiveCfg = Debug|Any CPU
		{42D9C32A-E6D1-498F-9A78-1E18D0FA2C65}.Debug|Any CPU.Build.0 = Debug|Any CPU
		{42D9C32A-E6D1-498F-9A78-1E18D0FA2C65}.EasyTest|Any CPU.ActiveCfg = EasyTest|Any CPU
		{42D9C32A-E6D1-498F-9A78-1E18D0FA2C65}.EasyTest|Any CPU.Build.0 = EasyTest|Any CPU
		{42D9C32A-E6D1-498F-9A78-1E18D0FA2C65}.Release|Any CPU.ActiveCfg = Release|Any CPU
		{42D9C32A-E6D1-498F-9A78-1E18D0FA2C65}.Release|Any CPU.Build.0 = Release|Any CPU
	EndGlobalSection
	GlobalSection(SolutionProperties) = preSolution
		HideSolutionNode = FALSE
	EndGlobalSection
EndGlobal
